{
  "name": "doc-detective-docs",
  "version": "1.0.0-beta",
  "lockfileVersion": 3,
  "requires": true,
  "packages": {
    "": {
      "name": "doc-detective-docs",
      "version": "1.0.0-beta",
      "engines": {
        "node": "^22.12.0 || ^24.11.1",
        "npm": "^10.9.2 || ^11.6.2",
        "pnpm": "^10.24.0"
      }
    }
  }
}
